
Microsoft Visual Studio Solution File, Format Version 12.00
# Visual Studio Version 17
VisualStudioVersion = 17.3.32825.248
MinimumVisualStudioVersion = 10.0.40219.1
Project("{FAE04EC0-301F-11D3-BF4B-00C04F79EFBC}") = "Explorer", "Explorer\Explorer.csproj", "{F1D5C89F-FFA8-407B-B4E3-663A89D82BAF}"
EndProject
Global
	GlobalSection(SolutionConfigurationPlatforms) = preSolution
		Debug|Any CPU = Debug|Any CPU
		Release|Any CPU = Release|Any CPU
	EndGlobalSection
	GlobalSection(ProjectConfigurationPlatforms) = postSolution
		{F1D5C89F-FFA8-407B-B4E3-663A89D82BAF}.Debug|Any CPU.ActiveCfg = Debug|Any CPU
		{F1D5C89F-FFA8-407B-B4E3-663A89D82BAF}.Debug|Any CPU.Build.0 = Debug|Any CPU
		{F1D5C89F-FFA8-407B-B4E3-663A89D82BAF}.Release|Any CPU.ActiveCfg = Release|Any CPU
		{F1D5C89F-FFA8-407B-B4E3-663A89D82BAF}.Release|Any CPU.Build.0 = Release|Any CPU
	EndGlobalSection
	GlobalSection(SolutionProperties) = preSolution
		HideSolutionNode = FALSE
	EndGlobalSection
	GlobalSection(ExtensibilityGlobals) = postSolution
		SolutionGuid = {D68007BB-0F94-430D-AFB0-739E5257AB8B}
	EndGlobalSection
EndGlobal
